
Microsoft Visual Studio Solution File, Format Version 12.00
# Visual Studio Version 17
VisualStudioVersion = 17.10.35013.160
MinimumVisualStudioVersion = 10.0.40219.1
Project("{FAE04EC0-301F-11D3-BF4B-00C04F79EFBC}") = "EF#2", "EF#2.csproj", "{9B8555D8-AD64-4EBF-8E52-3463A0876D82}"
EndProject
Global
	GlobalSection(SolutionConfigurationPlatforms) = preSolution
		Debug|Any CPU = Debug|Any CPU
		Release|Any CPU = Release|Any CPU
	EndGlobalSection
	GlobalSection(ProjectConfigurationPlatforms) = postSolution
		{9B8555D8-AD64-4EBF-8E52-3463A0876D82}.Debug|Any CPU.ActiveCfg = Debug|Any CPU
		{9B8555D8-AD64-4EBF-8E52-3463A0876D82}.Debug|Any CPU.Build.0 = Debug|Any CPU
		{9B8555D8-AD64-4EBF-8E52-3463A0876D82}.Release|Any CPU.ActiveCfg = Release|Any CPU
		{9B8555D8-AD64-4EBF-8E52-3463A0876D82}.Release|Any CPU.Build.0 = Release|Any CPU
	EndGlobalSection
	GlobalSection(SolutionProperties) = preSolution
		HideSolutionNode = FALSE
	EndGlobalSection
	GlobalSection(ExtensibilityGlobals) = postSolution
		SolutionGuid = {FB431074-A5B9-4AFF-A581-2FA71202DC62}
	EndGlobalSection
EndGlobal
